
Microsoft Visual Studio Solution File, Format Version 12.00
# Visual Studio Version 17
VisualStudioVersion = 17.1.32319.34
MinimumVisualStudioVersion = 10.0.40219.1
Project("{9A19103F-16F7-4668-BE54-9A1E7A4F7556}") = "PredicateBuilder", "PredicateBuilder\PredicateBuilder.csproj", "{1D8262F0-FD1D-4292-8F79-77D641DCDD74}"
EndProject
Project("{FAE04EC0-301F-11D3-BF4B-00C04F79EFBC}") = "ExampleConsole", "ExampleConsole\ExampleConsole.csproj", "{080BED95-B699-4ECA-BE4C-71E38D56B90A}"
EndProject
Global
	GlobalSection(SolutionConfigurationPlatforms) = preSolution
		Debug|Any CPU = Debug|Any CPU
		Release|Any CPU = Release|Any CPU
	EndGlobalSection
	GlobalSection(ProjectConfigurationPlatforms) = postSolution
		{1D8262F0-FD1D-4292-8F79-77D641DCDD74}.Debug|Any CPU.ActiveCfg = Debug|Any CPU
		{1D8262F0-FD1D-4292-8F79-77D641DCDD74}.Debug|Any CPU.Build.0 = Debug|Any CPU
		{1D8262F0-FD1D-4292-8F79-77D641DCDD74}.Release|Any CPU.ActiveCfg = Release|Any CPU
		{1D8262F0-FD1D-4292-8F79-77D641DCDD74}.Release|Any CPU.Build.0 = Release|Any CPU
		{080BED95-B699-4ECA-BE4C-71E38D56B90A}.Debug|Any CPU.ActiveCfg = Debug|Any CPU
		{080BED95-B699-4ECA-BE4C-71E38D56B90A}.Debug|Any CPU.Build.0 = Debug|Any CPU
		{080BED95-B699-4ECA-BE4C-71E38D56B90A}.Release|Any CPU.ActiveCfg = Release|Any CPU
		{080BED95-B699-4ECA-BE4C-71E38D56B90A}.Release|Any CPU.Build.0 = Release|Any CPU
	EndGlobalSection
	GlobalSection(SolutionProperties) = preSolution
		HideSolutionNode = FALSE
	EndGlobalSection
	GlobalSection(ExtensibilityGlobals) = postSolution
		SolutionGuid = {5F5CA74E-6317-4EBE-A3F8-B942D29319D7}
	EndGlobalSection
EndGlobal
